// !$*UTF8*$!
{
	archiveVersion = 1;
	classes = {
	};
	objectVersion = 55;
	objects = {

/* Begin PBXBuildFile section */
		8A700DE2274B080A004BFEDA /* AppDelegate.swift in Sources */ = {isa = PBXBuildFile; fileRef = 8A700DE1274B080A004BFEDA /* AppDelegate.swift */; };
		8A700DE4274B080A004BFEDA /* SceneDelegate.swift in Sources */ = {isa = PBXBuildFile; fileRef = 8A700DE3274B080A004BFEDA /* SceneDelegate.swift */; };
		8A700DE6274B080A004BFEDA /* ViewController.swift in Sources */ = {isa = PBXBuildFile; fileRef = 8A700DE5274B080A004BFEDA /* ViewController.swift */; };
		8A700DE9274B080A004BFEDA /* Main.storyboard in Resources */ = {isa = PBXBuildFile; fileRef = 8A700DE7274B080A004BFEDA /* Main.storyboard */; };
		8A700DEC274B080A004BFEDA /* AssessmentsApp.xcdatamodeld in Sources */ = {isa = PBXBuildFile; fileRef = 8A700DEA274B080A004BFEDA /* AssessmentsApp.xcdatamodeld */; };
		8A700DEE274B080C004BFEDA /* Assets.xcassets in Resources */ = {isa = PBXBuildFile; fileRef = 8A700DED274B080C004BFEDA /* Assets.xcassets */; };
		8A700DF1274B080C004BFEDA /* LaunchScreen.storyboard in Resources */ = {isa = PBXBuildFile; fileRef = 8A700DEF274B080C004BFEDA /* LaunchScreen.storyboard */; };
/* End PBXBuildFile section */

/* Begin PBXFileReference section */
		8A700DDE274B080A004BFEDA /* AssessmentsApp.app */ = {isa = PBXFileReference; explicitFileType = wrapper.application; includeInIndex = 0; path = AssessmentsApp.app; sourceTree = BUILT_PRODUCTS_DIR; };
		8A700DE1274B080A004BFEDA /* AppDelegate.swift */ = {isa = PBXFileReference; lastKnownFileType = sourcecode.swift; path = AppDelegate.swift; sourceTree = "<group>"; };
		8A700DE3274B080A004BFEDA /* SceneDelegate.swift */ = {isa = PBXFileReference; lastKnownFileType = sourcecode.swift; path = SceneDelegate.swift; sourceTree = "<group>"; };
		8A700DE5274B080A004BFEDA /* ViewController.swift */ = {isa = PBXFileReference; lastKnownFileType = sourcecode.swift; path = ViewController.swift; sourceTree = "<group>"; };
		8A700DE8274B080A004BFEDA /* Base */ = {isa = PBXFileReference; lastKnownFileType = file.storyboard; name = Base; path = Base.lproj/Main.storyboard; sourceTree = "<group>"; };
		8A700DEB274B080A004BFEDA /* AssessmentsApp.xcdatamodel */ = {isa = PBXFileReference; lastKnownFileType = wrapper.xcdatamodel; path = AssessmentsApp.xcdatamodel; sourceTree = "<group>"; };
		8A700DED274B080C004BFEDA /* Assets.xcassets */ = {isa = PBXFileReference; lastKnownFileType = folder.assetcatalog; path = Assets.xcassets; sourceTree = "<group>"; };
		8A700DF0274B080C004BFEDA /* Base */ = {isa = PBXFileReference; lastKnownFileType = file.storyboard; name = Base; path = Base.lproj/LaunchScreen.storyboard; sourceTree = "<group>"; };
		8A700DF2274B080C004BFEDA /* Info.plist */ = {isa = PBXFileReference; lastKnownFileType = text.plist.xml; path = Info.plist; sourceTree = "<group>"; };
/* End PBXFileReference section */

/* Begin PBXFrameworksBuildPhase section */
		8A700DDB274B080A004BFEDA /* Frameworks */ = {
			isa = PBXFrameworksBuildPhase;
			buildActionMask = 2147483647;
			files = (
			);
			runOnlyForDeploymentPostprocessing = 0;
		};
/* End PBXFrameworksBuildPhase section */

/* Begin PBXGroup section */
		8A700DD5274B080A004BFEDA = {
			isa = PBXGroup;
			children = (
				8A700DE0274B080A004BFEDA /* AssessmentsApp */,
				8A700DDF274B080A004BFEDA /* Products */,
			);
			sourceTree = "<group>";
		};
		8A700DDF274B080A004BFEDA /* Products */ = {
			isa = PBXGroup;
			children = (
				8A700DDE274B080A004BFEDA /* AssessmentsApp.app */,
			);
			name = Products;
			sourceTree = "<group>";
		};
		8A700DE0274B080A004BFEDA /* AssessmentsApp */ = {
			isa = PBXGroup;
			children = (
				8A700DE1274B080A004BFEDA /* AppDelegate.swift */,
				8A700DE3274B080A004BFEDA /* SceneDelegate.swift */,
				8A700DE5274B080A004BFEDA /* ViewController.swift */,
				8A700DE7274B080A004BFEDA /* Main.storyboard */,
				8A700DED274B080C004BFEDA /* Assets.xcassets */,
				8A700DEF274B080C004BFEDA /* LaunchScreen.storyboard */,
				8A700DF2274B080C004BFEDA /* Info.plist */,
				8A700DEA274B080A004BFEDA /* AssessmentsApp.xcdatamodeld */,
			);
			path = AssessmentsApp;
			sourceTree = "<group>";
		};
/* End PBXGroup section */

/* Begin PBXNativeTarget section */
		8A700DDD274B080A004BFEDA /* AssessmentsApp */ = {
			isa = PBXNativeTarget;
			buildConfigurationList = 8A700DF5274B080C004BFEDA /* Build configuration list for PBXNativeTarget "AssessmentsApp" */;
			buildPhases = (
				8A700DDA274B080A004BFEDA /* Sources */,
				8A700DDB274B080A004BFEDA /* Frameworks */,
				8A700DDC274B080A004BFEDA /* Resources */,
			);
			buildRules = (
			);
			dependencies = (
			);
			name = AssessmentsApp;
			productName = AssessmentsApp;
			productReference = 8A700DDE274B080A004BFEDA /* AssessmentsApp.app */;
			productType = "com.apple.product-type.application";
		};
/* End PBXNativeTarget section */

/* Begin PBXProject section */
		8A700DD6274B080A004BFEDA /* Project object */ = {
			isa = PBXProject;
			attributes = {
				BuildIndependentTargetsInParallel = 1;
				LastSwiftUpdateCheck = 1310;
				LastUpgradeCheck = 1310;
				TargetAttributes = {
					8A700DDD274B080A004BFEDA = {
						CreatedOnToolsVersion = 13.1;
					};
				};
			};
			buildConfigurationList = 8A700DD9274B080A004BFEDA /* Build configuration list for PBXProject "AssessmentsApp" */;
			compatibilityVersion = "Xcode 13.0";
			developmentRegion = en;
			hasScannedForEncodings = 0;
			knownRegions = (
				en,
				Base,
			);
			mainGroup = 8A700DD5274B080A004BFEDA;
			productRefGroup = 8A700DDF274B080A004BFEDA /* Products */;
			projectDirPath = "";
			projectRoot = "";
			targets = (
				8A700DDD274B080A004BFEDA /* AssessmentsApp */,
			);
		};
/* End PBXProject section */

/* Begin PBXResourcesBuildPhase section */
		8A700DDC274B080A004BFEDA /* Resources */ = {
			isa = PBXResourcesBuildPhase;
			buildActionMask = 2147483647;
			files = (
				8A700DF1274B080C004BFEDA /* LaunchScreen.storyboard in Resources */,
				8A700DEE274B080C004BFEDA /* Assets.xcassets in Resources */,
				8A700DE9274B080A004BFEDA /* Main.storyboard in Resources */,
			);
			runOnlyForDeploymentPostprocessing = 0;
		};
/* End PBXResourcesBuildPhase section */

/* Begin PBXSourcesBuildPhase section */
		8A700DDA274B080A004BFEDA /* Sources */ = {
			isa = PBXSourcesBuildPhase;
			buildActionMask = 2147483647;
			files = (
				8A700DE6274B080A004BFEDA /* ViewController.swift in Sources */,
				8A700DEC274B080A004BFEDA /* AssessmentsApp.xcdatamodeld in Sources */,
				8A700DE2274B080A004BFEDA /* AppDelegate.swift in Sources */,
				8A700DE4274B080A004BFEDA /* SceneDelegate.swift in Sources */,
			);
			runOnlyForDeploymentPostprocessing = 0;
		};
/* End PBXSourcesBuildPhase section */

/* Begin PBXVariantGroup section */
		8A700DE7274B080A004BFEDA /* Main.storyboard */ = {
			isa = PBXVariantGroup;
			children = (
				8A700DE8274B080A004BFEDA /* Base */,
			);
			name = Main.storyboard;
			sourceTree = "<group>";
		};
		8A700DEF274B080C004BFEDA /* LaunchScreen.storyboard */ = {
			isa = PBXVariantGroup;
			children = (
				8A700DF0274B080C004BFEDA /* Base */,
			);
			name = LaunchScreen.storyboard;
			sourceTree = "<group>";
		};
/* End PBXVariantGroup section */

/* Begin XCBuildConfiguration section */
		8A700DF3274B080C004BFEDA /* Debug */ = {
			isa = XCBuildConfiguration;
			buildSettings = {
				ALWAYS_SEARCH_USER_PATHS = NO;
				CLANG_ANALYZER_NONNULL = YES;
				CLANG_ANALYZER_NUMBER_OBJECT_CONVERSION = YES_AGGRESSIVE;
				CLANG_CXX_LANGUAGE_STANDARD = "gnu++17";
				CLANG_CXX_LIBRARY = "libc++";
				CLANG_ENABLE_MODULES = YES;
				CLANG_ENABLE_OBJC_ARC = YES;
				CLANG_ENABLE_OBJC_WEAK = YES;
				CLANG_WARN_BLOCK_CAPTURE_AUTORELEASING = YES;
				CLANG_WARN_BOOL_CONVERSION = YES;
				CLANG_WARN_COMMA = YES;
				CLANG_WARN_CONSTANT_CONVERSION = YES;
				CLANG_WARN_DEPRECATED_OBJC_IMPLEMENTATIONS = YES;
				CLANG_WARN_DIRECT_OBJC_ISA_USAGE = YES_ERROR;
				CLANG_WARN_DOCUMENTATION_COMMENTS = YES;
				CLANG_WARN_EMPTY_BODY = YES;
				CLANG_WARN_ENUM_CONVERSION = YES;
				CLANG_WARN_INFINITE_RECURSION = YES;
				CLANG_WARN_INT_CONVERSION = YES;
				CLANG_WARN_NON_LITERAL_NULL_CONVERSION = YES;
				CLANG_WARN_OBJC_IMPLICIT_RETAIN_SELF = YES;
				CLANG_WARN_OBJC_LITERAL_CONVERSION = YES;
				CLANG_WARN_OBJC_ROOT_CLASS = YES_ERROR;
				CLANG_WARN_QUOTED_INCLUDE_IN_FRAMEWORK_HEADER = YES;
				CLANG_WARN_RANGE_LOOP_ANALYSIS = YES;
				CLANG_WARN_STRICT_PROTOTYPES = YES;
				CLANG_WARN_SUSPICIOUS_MOVE = YES;
				CLANG_WARN_UNGUARDED_AVAILABILITY = YES_AGGRESSIVE;
				CLANG_WARN_UNREACHABLE_CODE = YES;
				CLANG_WARN__DUPLICATE_METHOD_MATCH = YES;
				COPY_PHASE_STRIP = NO;
				DEBUG_INFORMATION_FORMAT = dwarf;
				ENABLE_STRICT_OBJC_MSGSEND = YES;
				ENABLE_TESTABILITY = YES;
				GCC_C_LANGUAGE_STANDARD = gnu11;
				GCC_DYNAMIC_NO_PIC = NO;
				GCC_NO_COMMON_BLOCKS = YES;
				GCC_OPTIMIZATION_LEVEL = 0;
				GCC_PREPROCESSOR_DEFINITIONS = (
					"DEBUG=1",
					"$(inherited)",
				);
				GCC_WARN_64_TO_32_BIT_CONVERSION = YES;
				GCC_WARN_ABOUT_RETURN_TYPE = YES_ERROR;
				GCC_WARN_UNDECLARED_SELECTOR = YES;
				GCC_WARN_UNINITIALIZED_AUTOS = YES_AGGRESSIVE;
				GCC_WARN_UNUSED_FUNCTION = YES;
				GCC_WARN_UNUSED_VARIABLE = YES;
				IPHONEOS_DEPLOYMENT_TARGET = 15.0;
				MTL_ENABLE_DEBUG_INFO = INCLUDE_SOURCE;
				MTL_FAST_MATH = YES;
				ONLY_ACTIVE_ARCH = YES;
				SDKROOT = iphoneos;
				SWIFT_ACTIVE_COMPILATION_CONDITIONS = DEBUG;
				SWIFT_OPTIMIZATION_LEVEL = "-Onone";
			};
			name = Debug;
		};
		8A700DF4274B080C004BFEDA /* Release */ = {
			isa = XCBuildConfiguration;
			buildSettings = {
				ALWAYS_SEARCH_USER_PATHS = NO;
				CLANG_ANALYZER_NONNULL = YES;
				CLANG_ANALYZER_NUMBER_OBJECT_CONVERSION = YES_AGGRESSIVE;
				CLANG_CXX_LANGUAGE_STANDARD = "gnu++17";
				CLANG_CXX_LIBRARY = "libc++";
				CLANG_ENABLE_MODULES = YES;
				CLANG_ENABLE_OBJC_ARC = YES;
				CLANG_ENABLE_OBJC_WEAK = YES;
				CLANG_WARN_BLOCK_CAPTURE_AUTORELEASING = YES;
				CLANG_WARN_BOOL_CONVERSION = YES;
				CLANG_WARN_COMMA = YES;
				CLANG_WARN_CONSTANT_CONVERSION = YES;
				CLANG_WARN_DEPRECATED_OBJC_IMPLEMENTATIONS = YES;
				CLANG_WARN_DIRECT_OBJC_ISA_USAGE = YES_ERROR;
				CLANG_WARN_DOCUMENTATION_COMMENTS = YES;
				CLANG_WARN_EMPTY_BODY = YES;
				CLANG_WARN_ENUM_CONVERSION = YES;
				CLANG_WARN_INFINITE_RECURSION = YES;
				CLANG_WARN_INT_CONVERSION = YES;
				CLANG_WARN_NON_LITERAL_NULL_CONVERSION = YES;
				CLANG_WARN_OBJC_IMPLICIT_RETAIN_SELF = YES;
				CLANG_WARN_OBJC_LITERAL_CONVERSION = YES;
				CLANG_WARN_OBJC_ROOT_CLASS = YES_ERROR;
				CLANG_WARN_QUOTED_INCLUDE_IN_FRAMEWORK_HEADER = YES;
				CLANG_WARN_RANGE_LOOP_ANALYSIS = YES;
				CLANG_WARN_STRICT_PROTOTYPES = YES;
				CLANG_WARN_SUSPICIOUS_MOVE = YES;
				CLANG_WARN_UNGUARDED_AVAILABILITY = YES_AGGRESSIVE;
				CLANG_WARN_UNREACHABLE_CODE = YES;
				CLANG_WARN__DUPLICATE_METHOD_MATCH = YES;
				COPY_PHASE_STRIP = NO;
				DEBUG_INFORMATION_FORMAT = "dwarf-with-dsym";
				ENABLE_NS_ASSERTIONS = NO;
				ENABLE_STRICT_OBJC_MSGSEND = YES;
				GCC_C_LANGUAGE_STANDARD = gnu11;
				GCC_NO_COMMON_BLOCKS = YES;
				GCC_WARN_64_TO_32_BIT_CONVERSION = YES;
				GCC_WARN_ABOUT_RETURN_TYPE = YES_ERROR;
				GCC_WARN_UNDECLARED_SELECTOR = YES;
				GCC_WARN_UNINITIALIZED_AUTOS = YES_AGGRESSIVE;
				GCC_WARN_UNUSED_FUNCTION = YES;
				GCC_WARN_UNUSED_VARIABLE = YES;
				IPHONEOS_DEPLOYMENT_TARGET = 15.0;
				MTL_ENABLE_DEBUG_INFO = NO;
				MTL_FAST_MATH = YES;
				SDKROOT = iphoneos;
				SWIFT_COMPILATION_MODE = wholemodule;
				SWIFT_OPTIMIZATION_LEVEL = "-O";
				VALIDATE_PRODUCT = YES;
			};
			name = Release;
		};
		8A700DF6274B080C004BFEDA /* Debug */ = {
			isa = XCBuildConfiguration;
			buildSettings = {
				ASSETCATALOG_COMPILER_APPICON_NAME = AppIcon;
				ASSETCATALOG_COMPILER_GLOBAL_ACCENT_COLOR_NAME = AccentColor;
				CODE_SIGN_STYLE = Automatic;
				CURRENT_PROJECT_VERSION = 1;
				DEVELOPMENT_TEAM = 3TU7A7J546;
				GENERATE_INFOPLIST_FILE = YES;
				INFOPLIST_FILE = AssessmentsApp/Info.plist;
				INFOPLIST_KEY_UIApplicationSupportsIndirectInputEvents = YES;
				INFOPLIST_KEY_UILaunchStoryboardName = LaunchScreen;
				INFOPLIST_KEY_UIMainStoryboardFile = Main;
				INFOPLIST_KEY_UISupportedInterfaceOrientations_iPad = "UIInterfaceOrientationPortrait UIInterfaceOrientationPortraitUpsideDown UIInterfaceOrientationLandscapeLeft UIInterfaceOrientationLandscapeRight";
				INFOPLIST_KEY_UISupportedInterfaceOrientations_iPhone = "UIInterfaceOrientationPortrait UIInterfaceOrientationLandscapeLeft UIInterfaceOrientationLandscapeRight";
				LD_RUNPATH_SEARCH_PATHS = (
					"$(inherited)",
					"@executable_path/Frameworks",
				);
				MARKETING_VERSION = 1.0;
				PRODUCT_BUNDLE_IDENTIFIER = com.jonwilliams.AssessmentsApp;
				PRODUCT_NAME = "$(TARGET_NAME)";
				SWIFT_EMIT_LOC_STRINGS = YES;
				SWIFT_VERSION = 5.0;
				TARGETED_DEVICE_FAMILY = "1,2";
			};
			name = Debug;
		};
		8A700DF7274B080C004BFEDA /* Release */ = {
			isa = XCBuildConfiguration;
			buildSettings = {
				ASSETCATALOG_COMPILER_APPICON_NAME = AppIcon;
				ASSETCATALOG_COMPILER_GLOBAL_ACCENT_COLOR_NAME = AccentColor;
				CODE_SIGN_STYLE = Automatic;
				CURRENT_PROJECT_VERSION = 1;
				DEVELOPMENT_TEAM = 3TU7A7J546;
				GENERATE_INFOPLIST_FILE = YES;
				INFOPLIST_FILE = AssessmentsApp/Info.plist;
				INFOPLIST_KEY_UIApplicationSupportsIndirectInputEvents = YES;
				INFOPLIST_KEY_UILaunchStoryboardName = LaunchScreen;
				INFOPLIST_KEY_UIMainStoryboardFile = Main;
				INFOPLIST_KEY_UISupportedInterfaceOrientations_iPad = "UIInterfaceOrientationPortrait UIInterfaceOrientationPortraitUpsideDown UIInterfaceOrientationLandscapeLeft UIInterfaceOrientationLandscapeRight";
				INFOPLIST_KEY_UISupportedInterfaceOrientations_iPhone = "UIInterfaceOrientationPortrait UIInterfaceOrientationLandscapeLeft UIInterfaceOrientationLandscapeRight";
				LD_RUNPATH_SEARCH_PATHS = (
					"$(inherited)",
					"@executable_path/Frameworks",
				);
				MARKETING_VERSION = 1.0;
				PRODUCT_BUNDLE_IDENTIFIER = com.jonwilliams.AssessmentsApp;
				PRODUCT_NAME = "$(TARGET_NAME)";
				SWIFT_EMIT_LOC_STRINGS = YES;
				SWIFT_VERSION = 5.0;
				TARGETED_DEVICE_FAMILY = "1,2";
			};
			name = Release;
		};
/* End XCBuildConfiguration section */

/* Begin XCConfigurationList section */
		8A700DD9274B080A004BFEDA /* Build configuration list for PBXProject "AssessmentsApp" */ = {
			isa = XCConfigurationList;
			buildConfigurations = (
				8A700DF3274B080C004BFEDA /* Debug */,
				8A700DF4274B080C004BFEDA /* Release */,
			);
			defaultConfigurationIsVisible = 0;
			defaultConfigurationName = Release;
		};
		8A700DF5274B080C004BFEDA /* Build configuration list for PBXNativeTarget "AssessmentsApp" */ = {
			isa = XCConfigurationList;
			buildConfigurations = (
				8A700DF6274B080C004BFEDA /* Debug */,
				8A700DF7274B080C004BFEDA /* Release */,
			);
			defaultConfigurationIsVisible = 0;
			defaultConfigurationName = Release;
		};
/* End XCConfigurationList section */

/* Begin XCVersionGroup section */
		8A700DEA274B080A004BFEDA /* AssessmentsApp.xcdatamodeld */ = {
			isa = XCVersionGroup;
			children = (
				8A700DEB274B080A004BFEDA /* AssessmentsApp.xcdatamodel */,
			);
			currentVersion = 8A700DEB274B080A004BFEDA /* AssessmentsApp.xcdatamodel */;
			path = AssessmentsApp.xcdatamodeld;
			sourceTree = "<group>";
			versionGroupType = wrapper.xcdatamodel;
		};
/* End XCVersionGroup section */
	};
	rootObject = 8A700DD6274B080A004BFEDA /* Project object */;
}
